
Microsoft Visual Studio Solution File, Format Version 12.00
# Visual Studio Version 17
VisualStudioVersion = 17.4.33213.308
MinimumVisualStudioVersion = 10.0.40219.1
Project("{9A19103F-16F7-4668-BE54-9A1E7A4F7556}") = "Publisher", "Publisher\Publisher.csproj", "{565D68AB-D554-40C0-A8BB-860E32F14853}"
EndProject
Project("{9A19103F-16F7-4668-BE54-9A1E7A4F7556}") = "LambdaSubscriber", "LambdaSubscriber\LambdaSubscriber.csproj", "{02557598-B37E-4B71-B955-79D0156E308C}"
EndProject
Global
	GlobalSection(SolutionConfigurationPlatforms) = preSolution
		Debug|Any CPU = Debug|Any CPU
		Release|Any CPU = Release|Any CPU
	EndGlobalSection
	GlobalSection(ProjectConfigurationPlatforms) = postSolution
		{565D68AB-D554-40C0-A8BB-860E32F14853}.Debug|Any CPU.ActiveCfg = Debug|Any CPU
		{565D68AB-D554-40C0-A8BB-860E32F14853}.Debug|Any CPU.Build.0 = Debug|Any CPU
		{565D68AB-D554-40C0-A8BB-860E32F14853}.Release|Any CPU.ActiveCfg = Release|Any CPU
		{565D68AB-D554-40C0-A8BB-860E32F14853}.Release|Any CPU.Build.0 = Release|Any CPU
		{02557598-B37E-4B71-B955-79D0156E308C}.Debug|Any CPU.ActiveCfg = Debug|Any CPU
		{02557598-B37E-4B71-B955-79D0156E308C}.Debug|Any CPU.Build.0 = Debug|Any CPU
		{02557598-B37E-4B71-B955-79D0156E308C}.Release|Any CPU.ActiveCfg = Release|Any CPU
		{02557598-B37E-4B71-B955-79D0156E308C}.Release|Any CPU.Build.0 = Release|Any CPU
	EndGlobalSection
	GlobalSection(SolutionProperties) = preSolution
		HideSolutionNode = FALSE
	EndGlobalSection
	GlobalSection(ExtensibilityGlobals) = postSolution
		SolutionGuid = {FD4E07B3-2163-4E92-B1AB-7C4641C2DFBB}
	EndGlobalSection
EndGlobal
